{
  "name": "caps",
  "version": "1.0.0",
  "lockfileVersion": 2,
  "requires": true,
  "packages": {
    "": {
      "version": "1.0.0",
      "license": "ISC",
      "dependencies": {
        "dotenv": "^8.2.0",
        "generate-unique-id": "^2.0.1"
      }
    },
    "node_modules/dotenv": {
      "version": "8.2.0",
      "resolved": "https://registry.npmjs.org/dotenv/-/dotenv-8.2.0.tgz",
      "integrity": "sha512-8sJ78ElpbDJBHNeBzUbUVLsqKdccaa/BXF1uPTw3GrvQTBgrQrtObr2mUrE38vzYd8cEv+m/JBfDLioYcfXoaw==",
      "engines": {
        "node": ">=8"
      }
    },
    "node_modules/generate-unique-id": {
      "version": "2.0.1",
      "resolved": "https://registry.npmjs.org/generate-unique-id/-/generate-unique-id-2.0.1.tgz",
      "integrity": "sha512-8b74nVk9KOj3Go2NofqNhC+3VDJ/121oBa72tXnYVwFN785rVR4v2ccj3Hwcy4ZErIz+TJ4Rn1NZHh/JW/12qQ=="
    }
  },
  "dependencies": {
    "dotenv": {
      "version": "8.2.0",
      "resolved": "https://registry.npmjs.org/dotenv/-/dotenv-8.2.0.tgz",
      "integrity": "sha512-8sJ78ElpbDJBHNeBzUbUVLsqKdccaa/BXF1uPTw3GrvQTBgrQrtObr2mUrE38vzYd8cEv+m/JBfDLioYcfXoaw=="
    },
    "generate-unique-id": {
      "version": "2.0.1",
      "resolved": "https://registry.npmjs.org/generate-unique-id/-/generate-unique-id-2.0.1.tgz",
      "integrity": "sha512-8b74nVk9KOj3Go2NofqNhC+3VDJ/121oBa72tXnYVwFN785rVR4v2ccj3Hwcy4ZErIz+TJ4Rn1NZHh/JW/12qQ=="
    }
  }
}
